// !$*UTF8*$!
{
	archiveVersion = 1;
	classes = {
	};
	objectVersion = 77;
	objects = {

/* Begin PBXBuildFile section */
		1DED713F3037788800E91C87 /* AppDelegate.swift in Sources */ = {isa = PBXBuildFile; fileRef = 1DED713E3037788800E91C87 /* AppDelegate.swift */; };
		1DED71433037788800E91C87 /* Main.html in Resources */ = {isa = PBXBuildFile; fileRef = 1DED71413037788800E91C87 /* Main.html */; };
		1DED71453037788800E91C87 /* Icon.png in Resources */ = {isa = PBXBuildFile; fileRef = 1DED71443037788800E91C87 /* Icon.png */; };
		1DED71473037788900E91C87 /* Style.css in Resources */ = {isa = PBXBuildFile; fileRef = 1DED71463037788900E91C87 /* Style.css */; };
		1DED71493037788900E91C87 /* Script.js in Resources */ = {isa = PBXBuildFile; fileRef = 1DED71483037788900E91C87 /* Script.js */; };
		1DED714B3037788900E91C87 /* ViewController.swift in Sources */ = {isa = PBXBuildFile; fileRef = 1DED714A3037788900E91C87 /* ViewController.swift */; };
		1DED714E3037788900E91C87 /* Main.storyboard in Resources */ = {isa = PBXBuildFile; fileRef = 1DED714C3037788900E91C87 /* Main.storyboard */; };
		1DED71503037788900E91C87 /* Assets.xcassets in Resources */ = {isa = PBXBuildFile; fileRef = 1DED714F3037788900E91C87 /* Assets.xcassets */; };
		1DED71573037788A00E91C87 /* GN Tracing Extension.appex in Embed Foundation Extensions */ = {isa = PBXBuildFile; fileRef = 1DED71563037788A00E91C87 /* GN Tracing Extension.appex */; settings = {ATTRIBUTES = (RemoveHeadersOnCopy, ); }; };
		1DED715C3037788A00E91C87 /* SafariWebExtensionHandler.swift in Sources */ = {isa = PBXBuildFile; fileRef = 1DED715B3037788A00E91C87 /* SafariWebExtensionHandler.swift */; };
		1DED71723037788A00E91C87 /* background in Resources */ = {isa = PBXBuildFile; fileRef = 1DED71683037788A00E91C87 /* background */; };
		1DED71733037788A00E91C87 /* offscreen in Resources */ = {isa = PBXBuildFile; fileRef = 1DED71693037788A00E91C87 /* offscreen */; };
		1DED71743037788A00E91C87 /* popup in Resources */ = {isa = PBXBuildFile; fileRef = 1DED716A3037788A00E91C87 /* popup */; };
		1DED71753037788A00E91C87 /* content in Resources */ = {isa = PBXBuildFile; fileRef = 1DED716B3037788A00E91C87 /* content */; };
		1DED71763037788A00E91C87 /* shared in Resources */ = {isa = PBXBuildFile; fileRef = 1DED716C3037788A00E91C87 /* shared */; };
		1DED71773037788A00E91C87 /* annotate in Resources */ = {isa = PBXBuildFile; fileRef = 1DED716D3037788A00E91C87 /* annotate */; };
		1DED71783037788A00E91C87 /* microphone-permission in Resources */ = {isa = PBXBuildFile; fileRef = 1DED716E3037788A00E91C87 /* microphone-permission */; };
		1DED71793037788A00E91C87 /* icons in Resources */ = {isa = PBXBuildFile; fileRef = 1DED716F3037788A00E91C87 /* icons */; };
		1DED717A3037788A00E91C87 /* manifest.json in Resources */ = {isa = PBXBuildFile; fileRef = 1DED71703037788A00E91C87 /* manifest.json */; };
		1DED717B3037788A00E91C87 /* manage-clouds in Resources */ = {isa = PBXBuildFile; fileRef = 1DED71713037788A00E91C87 /* manage-clouds */; };
/* End PBXBuildFile section */

/* Begin PBXContainerItemProxy section */
		1DED71583037788A00E91C87 /* PBXContainerItemProxy */ = {
			isa = PBXContainerItemProxy;
			containerPortal = 1DED71333037788800E91C87 /* Project object */;
			proxyType = 1;
			remoteGlobalIDString = 1DED71553037788A00E91C87;
			remoteInfo = "GN Tracing Extension";
		};
/* End PBXContainerItemProxy section */

/* Begin PBXCopyFilesBuildPhase section */
		1DED71633037788A00E91C87 /* Embed Foundation Extensions */ = {
			isa = PBXCopyFilesBuildPhase;
			buildActionMask = 2147483647;
			dstPath = "";
			dstSubfolderSpec = 13;
			files = (
				1DED71573037788A00E91C87 /* GN Tracing Extension.appex in Embed Foundation Extensions */,
			);
			name = "Embed Foundation Extensions";
			runOnlyForDeploymentPostprocessing = 0;
		};
/* End PBXCopyFilesBuildPhase section */

/* Begin PBXFileReference section */
		1DED713B3037788800E91C87 /* GN Tracing.app */ = {isa = PBXFileReference; explicitFileType = wrapper.application; includeInIndex = 0; path = "GN Tracing.app"; sourceTree = BUILT_PRODUCTS_DIR; };
		1DED713E3037788800E91C87 /* AppDelegate.swift */ = {isa = PBXFileReference; lastKnownFileType = sourcecode.swift; path = AppDelegate.swift; sourceTree = "<group>"; };
		1DED71423037788800E91C87 /* Base */ = {isa = PBXFileReference; lastKnownFileType = text.html; name = Base; path = Base.lproj/Main.html; sourceTree = "<group>"; };
		1DED71443037788800E91C87 /* Icon.png */ = {isa = PBXFileReference; lastKnownFileType = image.png; path = Icon.png; sourceTree = "<group>"; };
		1DED71463037788900E91C87 /* Style.css */ = {isa = PBXFileReference; lastKnownFileType = text.css; path = Style.css; sourceTree = "<group>"; };
		1DED71483037788900E91C87 /* Script.js */ = {isa = PBXFileReference; lastKnownFileType = sourcecode.javascript; path = Script.js; sourceTree = "<group>"; };
		1DED714A3037788900E91C87 /* ViewController.swift */ = {isa = PBXFileReference; lastKnownFileType = sourcecode.swift; path = ViewController.swift; sourceTree = "<group>"; };
		1DED714D3037788900E91C87 /* Base */ = {isa = PBXFileReference; lastKnownFileType = file.storyboard; name = Base; path = Base.lproj/Main.storyboard; sourceTree = "<group>"; };
		1DED714F3037788900E91C87 /* Assets.xcassets */ = {isa = PBXFileReference; lastKnownFileType = folder.assetcatalog; path = Assets.xcassets; sourceTree = "<group>"; };
		1DED71513037788900E91C87 /* Info.plist */ = {isa = PBXFileReference; lastKnownFileType = text.plist.xml; path = Info.plist; sourceTree = "<group>"; };
		1DED71563037788A00E91C87 /* GN Tracing Extension.appex */ = {isa = PBXFileReference; explicitFileType = "wrapper.app-extension"; includeInIndex = 0; path = "GN Tracing Extension.appex"; sourceTree = BUILT_PRODUCTS_DIR; };
		1DED715B3037788A00E91C87 /* SafariWebExtensionHandler.swift */ = {isa = PBXFileReference; lastKnownFileType = sourcecode.swift; path = SafariWebExtensionHandler.swift; sourceTree = "<group>"; };
		1DED715D3037788A00E91C87 /* Info.plist */ = {isa = PBXFileReference; lastKnownFileType = text.plist.xml; path = Info.plist; sourceTree = "<group>"; };
		1DED71683037788A00E91C87 /* background */ = {isa = PBXFileReference; lastKnownFileType = folder; name = background; path = ../../../dist/safari/background; sourceTree = "<group>"; };
		1DED71693037788A00E91C87 /* offscreen */ = {isa = PBXFileReference; lastKnownFileType = folder; name = offscreen; path = ../../../dist/safari/offscreen; sourceTree = "<group>"; };
		1DED716A3037788A00E91C87 /* popup */ = {isa = PBXFileReference; lastKnownFileType = folder; name = popup; path = ../../../dist/safari/popup; sourceTree = "<group>"; };
		1DED716B3037788A00E91C87 /* content */ = {isa = PBXFileReference; lastKnownFileType = folder; name = content; path = ../../../dist/safari/content; sourceTree = "<group>"; };
		1DED716C3037788A00E91C87 /* shared */ = {isa = PBXFileReference; lastKnownFileType = folder; name = shared; path = ../../../dist/safari/shared; sourceTree = "<group>"; };
		1DED716D3037788A00E91C87 /* annotate */ = {isa = PBXFileReference; lastKnownFileType = folder; name = annotate; path = ../../../dist/safari/annotate; sourceTree = "<group>"; };
		1DED716E3037788A00E91C87 /* microphone-permission */ = {isa = PBXFileReference; lastKnownFileType = folder; name = "microphone-permission"; path = "../../../dist/safari/microphone-permission"; sourceTree = "<group>"; };
		1DED716F3037788A00E91C87 /* icons */ = {isa = PBXFileReference; lastKnownFileType = folder; name = icons; path = ../../../dist/safari/icons; sourceTree = "<group>"; };
		1DED71703037788A00E91C87 /* manifest.json */ = {isa = PBXFileReference; lastKnownFileType = text.json; name = manifest.json; path = ../../../dist/safari/manifest.json; sourceTree = "<group>"; };
		1DED71713037788A00E91C87 /* manage-clouds */ = {isa = PBXFileReference; lastKnownFileType = folder; name = "manage-clouds"; path = "../../../dist/safari/manage-clouds"; sourceTree = "<group>"; };
/* End PBXFileReference section */

/* Begin PBXFrameworksBuildPhase section */
		1DED71383037788800E91C87 /* Frameworks */ = {
			isa = PBXFrameworksBuildPhase;
			buildActionMask = 2147483647;
			files = (
			);
			runOnlyForDeploymentPostprocessing = 0;
		};
		1DED71533037788A00E91C87 /* Frameworks */ = {
			isa = PBXFrameworksBuildPhase;
			buildActionMask = 2147483647;
			files = (
			);
			runOnlyForDeploymentPostprocessing = 0;
		};
/* End PBXFrameworksBuildPhase section */

/* Begin PBXGroup section */
		1DED71323037788800E91C87 = {
			isa = PBXGroup;
			children = (
				1DED713D3037788800E91C87 /* GN Tracing */,
				1DED715A3037788A00E91C87 /* GN Tracing Extension */,
				1DED713C3037788800E91C87 /* Products */,
			);
			sourceTree = "<group>";
		};
		1DED713C3037788800E91C87 /* Products */ = {
			isa = PBXGroup;
			children = (
				1DED713B3037788800E91C87 /* GN Tracing.app */,
				1DED71563037788A00E91C87 /* GN Tracing Extension.appex */,
			);
			name = Products;
			sourceTree = "<group>";
		};
		1DED713D3037788800E91C87 /* GN Tracing */ = {
			isa = PBXGroup;
			children = (
				1DED713E3037788800E91C87 /* AppDelegate.swift */,
				1DED714A3037788900E91C87 /* ViewController.swift */,
				1DED714C3037788900E91C87 /* Main.storyboard */,
				1DED714F3037788900E91C87 /* Assets.xcassets */,
				1DED71513037788900E91C87 /* Info.plist */,
				1DED71403037788800E91C87 /* Resources */,
			);
			path = "GN Tracing";
			sourceTree = "<group>";
		};
		1DED71403037788800E91C87 /* Resources */ = {
			isa = PBXGroup;
			children = (
				1DED71413037788800E91C87 /* Main.html */,
				1DED71443037788800E91C87 /* Icon.png */,
				1DED71463037788900E91C87 /* Style.css */,
				1DED71483037788900E91C87 /* Script.js */,
			);
			path = Resources;
			sourceTree = "<group>";
		};
		1DED715A3037788A00E91C87 /* GN Tracing Extension */ = {
			isa = PBXGroup;
			children = (
				1DED71673037788A00E91C87 /* Resources */,
				1DED715B3037788A00E91C87 /* SafariWebExtensionHandler.swift */,
				1DED715D3037788A00E91C87 /* Info.plist */,
			);
			path = "GN Tracing Extension";
			sourceTree = "<group>";
		};
		1DED71673037788A00E91C87 /* Resources */ = {
			isa = PBXGroup;
			children = (
				1DED71683037788A00E91C87 /* background */,
				1DED71693037788A00E91C87 /* offscreen */,
				1DED716A3037788A00E91C87 /* popup */,
				1DED716B3037788A00E91C87 /* content */,
				1DED716C3037788A00E91C87 /* shared */,
				1DED716D3037788A00E91C87 /* annotate */,
				1DED716E3037788A00E91C87 /* microphone-permission */,
				1DED716F3037788A00E91C87 /* icons */,
				1DED71703037788A00E91C87 /* manifest.json */,
				1DED71713037788A00E91C87 /* manage-clouds */,
			);
			name = Resources;
			path = "GN Tracing Extension";
			sourceTree = SOURCE_ROOT;
		};
/* End PBXGroup section */

/* Begin PBXNativeTarget section */
		1DED713A3037788800E91C87 /* GN Tracing */ = {
			isa = PBXNativeTarget;
			buildConfigurationList = 1DED71643037788A00E91C87 /* Build configuration list for PBXNativeTarget "GN Tracing" */;
			buildPhases = (
				1DED71373037788800E91C87 /* Sources */,
				1DED71383037788800E91C87 /* Frameworks */,
				1DED71393037788800E91C87 /* Resources */,
				1DED71633037788A00E91C87 /* Embed Foundation Extensions */,
			);
			buildRules = (
			);
			dependencies = (
				1DED71593037788A00E91C87 /* PBXTargetDependency */,
			);
			name = "GN Tracing";
			packageProductDependencies = (
			);
			productName = "GN Tracing";
			productReference = 1DED713B3037788800E91C87 /* GN Tracing.app */;
			productType = "com.apple.product-type.application";
		};
		1DED71553037788A00E91C87 /* GN Tracing Extension */ = {
			isa = PBXNativeTarget;
			buildConfigurationList = 1DED71603037788A00E91C87 /* Build configuration list for PBXNativeTarget "GN Tracing Extension" */;
			buildPhases = (
				1DED71523037788A00E91C87 /* Sources */,
				1DED71533037788A00E91C87 /* Frameworks */,
				1DED71543037788A00E91C87 /* Resources */,
			);
			buildRules = (
			);
			dependencies = (
			);
			name = "GN Tracing Extension";
			packageProductDependencies = (
			);
			productName = "GN Tracing Extension";
			productReference = 1DED71563037788A00E91C87 /* GN Tracing Extension.appex */;
			productType = "com.apple.product-type.app-extension";
		};
/* End PBXNativeTarget section */

/* Begin PBXProject section */
		1DED71333037788800E91C87 /* Project object */ = {
			isa = PBXProject;
			attributes = {
				BuildIndependentTargetsInParallel = 1;
				LastSwiftUpdateCheck = 2600;
				LastUpgradeCheck = 2600;
				TargetAttributes = {
					1DED713A3037788800E91C87 = {
						CreatedOnToolsVersion = 26.0;
					};
					1DED71553037788A00E91C87 = {
						CreatedOnToolsVersion = 26.0;
					};
				};
			};
			buildConfigurationList = 1DED71363037788800E91C87 /* Build configuration list for PBXProject "GN Tracing" */;
			developmentRegion = en;
			hasScannedForEncodings = 0;
			knownRegions = (
				en,
				Base,
			);
			mainGroup = 1DED71323037788800E91C87;
			minimizedProjectReferenceProxies = 1;
			preferredProjectObjectVersion = 77;
			productRefGroup = 1DED713C3037788800E91C87 /* Products */;
			projectDirPath = "";
			projectRoot = "";
			targets = (
				1DED713A3037788800E91C87 /* GN Tracing */,
				1DED71553037788A00E91C87 /* GN Tracing Extension */,
			);
		};
/* End PBXProject section */

/* Begin PBXResourcesBuildPhase section */
		1DED71393037788800E91C87 /* Resources */ = {
			isa = PBXResourcesBuildPhase;
			buildActionMask = 2147483647;
			files = (
				1DED71453037788800E91C87 /* Icon.png in Resources */,
				1DED714E3037788900E91C87 /* Main.storyboard in Resources */,
				1DED71493037788900E91C87 /* Script.js in Resources */,
				1DED71433037788800E91C87 /* Main.html in Resources */,
				1DED71503037788900E91C87 /* Assets.xcassets in Resources */,
				1DED71473037788900E91C87 /* Style.css in Resources */,
			);
			runOnlyForDeploymentPostprocessing = 0;
		};
		1DED71543037788A00E91C87 /* Resources */ = {
			isa = PBXResourcesBuildPhase;
			buildActionMask = 2147483647;
			files = (
				1DED71763037788A00E91C87 /* shared in Resources */,
				1DED71793037788A00E91C87 /* icons in Resources */,
				1DED71743037788A00E91C87 /* popup in Resources */,
				1DED71773037788A00E91C87 /* annotate in Resources */,
				1DED717A3037788A00E91C87 /* manifest.json in Resources */,
				1DED71733037788A00E91C87 /* offscreen in Resources */,
				1DED71753037788A00E91C87 /* content in Resources */,
				1DED717B3037788A00E91C87 /* manage-clouds in Resources */,
				1DED71723037788A00E91C87 /* background in Resources */,
				1DED71783037788A00E91C87 /* microphone-permission in Resources */,
			);
			runOnlyForDeploymentPostprocessing = 0;
		};
/* End PBXResourcesBuildPhase section */

/* Begin PBXSourcesBuildPhase section */
		1DED71373037788800E91C87 /* Sources */ = {
			isa = PBXSourcesBuildPhase;
			buildActionMask = 2147483647;
			files = (
				1DED714B3037788900E91C87 /* ViewController.swift in Sources */,
				1DED713F3037788800E91C87 /* AppDelegate.swift in Sources */,
			);
			runOnlyForDeploymentPostprocessing = 0;
		};
		1DED71523037788A00E91C87 /* Sources */ = {
			isa = PBXSourcesBuildPhase;
			buildActionMask = 2147483647;
			files = (
				1DED715C3037788A00E91C87 /* SafariWebExtensionHandler.swift in Sources */,
			);
			runOnlyForDeploymentPostprocessing = 0;
		};
/* End PBXSourcesBuildPhase section */

/* Begin PBXTargetDependency section */
		1DED71593037788A00E91C87 /* PBXTargetDependency */ = {
			isa = PBXTargetDependency;
			target = 1DED71553037788A00E91C87 /* GN Tracing Extension */;
			targetProxy = 1DED71583037788A00E91C87 /* PBXContainerItemProxy */;
		};
/* End PBXTargetDependency section */

/* Begin PBXVariantGroup section */
		1DED71413037788800E91C87 /* Main.html */ = {
			isa = PBXVariantGroup;
			children = (
				1DED71423037788800E91C87 /* Base */,
			);
			name = Main.html;
			sourceTree = "<group>";
		};
		1DED714C3037788900E91C87 /* Main.storyboard */ = {
			isa = PBXVariantGroup;
			children = (
				1DED714D3037788900E91C87 /* Base */,
			);
			name = Main.storyboard;
			sourceTree = "<group>";
		};
/* End PBXVariantGroup section */

/* Begin XCBuildConfiguration section */
		1DED715E3037788A00E91C87 /* Debug */ = {
			isa = XCBuildConfiguration;
			buildSettings = {
				ALWAYS_SEARCH_USER_PATHS = NO;
				ASSETCATALOG_COMPILER_GENERATE_SWIFT_ASSET_SYMBOL_EXTENSIONS = YES;
				CLANG_ANALYZER_NONNULL = YES;
				CLANG_ANALYZER_NUMBER_OBJECT_CONVERSION = YES_AGGRESSIVE;
				CLANG_CXX_LANGUAGE_STANDARD = "gnu++20";
				CLANG_ENABLE_MODULES = YES;
				CLANG_ENABLE_OBJC_ARC = YES;
				CLANG_ENABLE_OBJC_WEAK = YES;
				CLANG_WARN_BLOCK_CAPTURE_AUTORELEASING = YES;
				CLANG_WARN_BOOL_CONVERSION = YES;
				CLANG_WARN_COMMA = YES;
				CLANG_WARN_CONSTANT_CONVERSION = YES;
				CLANG_WARN_DEPRECATED_OBJC_IMPLEMENTATIONS = YES;
				CLANG_WARN_DIRECT_OBJC_ISA_USAGE = YES_ERROR;
				CLANG_WARN_DOCUMENTATION_COMMENTS = YES;
				CLANG_WARN_EMPTY_BODY = YES;
				CLANG_WARN_ENUM_CONVERSION = YES;
				CLANG_WARN_INFINITE_RECURSION = YES;
				CLANG_WARN_INT_CONVERSION = YES;
				CLANG_WARN_NON_LITERAL_NULL_CONVERSION = YES;
				CLANG_WARN_OBJC_IMPLICIT_RETAIN_SELF = YES;
				CLANG_WARN_OBJC_LITERAL_CONVERSION = YES;
				CLANG_WARN_OBJC_ROOT_CLASS = YES_ERROR;
				CLANG_WARN_QUOTED_INCLUDE_IN_FRAMEWORK_HEADER = YES;
				CLANG_WARN_RANGE_LOOP_ANALYSIS = YES;
				CLANG_WARN_STRICT_PROTOTYPES = YES;
				CLANG_WARN_SUSPICIOUS_MOVE = YES;
				CLANG_WARN_UNGUARDED_AVAILABILITY = YES_AGGRESSIVE;
				CLANG_WARN_UNREACHABLE_CODE = YES;
				CLANG_WARN__DUPLICATE_METHOD_MATCH = YES;
				COPY_PHASE_STRIP = NO;
				DEBUG_INFORMATION_FORMAT = dwarf;
				ENABLE_STRICT_OBJC_MSGSEND = YES;
				ENABLE_TESTABILITY = YES;
				ENABLE_USER_SCRIPT_SANDBOXING = YES;
				GCC_C_LANGUAGE_STANDARD = gnu17;
				GCC_DYNAMIC_NO_PIC = NO;
				GCC_NO_COMMON_BLOCKS = YES;
				GCC_OPTIMIZATION_LEVEL = 0;
				GCC_PREPROCESSOR_DEFINITIONS = (
					"DEBUG=1",
					"$(inherited)",
				);
				GCC_WARN_64_TO_32_BIT_CONVERSION = YES;
				GCC_WARN_ABOUT_RETURN_TYPE = YES_ERROR;
				GCC_WARN_UNDECLARED_SELECTOR = YES;
				GCC_WARN_UNINITIALIZED_AUTOS = YES_AGGRESSIVE;
				GCC_WARN_UNUSED_FUNCTION = YES;
				GCC_WARN_UNUSED_VARIABLE = YES;
				LOCALIZATION_PREFERS_STRING_CATALOGS = YES;
				MACOSX_DEPLOYMENT_TARGET = 26.0;
				MTL_ENABLE_DEBUG_INFO = INCLUDE_SOURCE;
				MTL_FAST_MATH = YES;
				ONLY_ACTIVE_ARCH = YES;
				SDKROOT = macosx;
				SWIFT_ACTIVE_COMPILATION_CONDITIONS = "DEBUG $(inherited)";
				SWIFT_OPTIMIZATION_LEVEL = "-Onone";
			};
			name = Debug;
		};
		1DED715F3037788A00E91C87 /* Release */ = {
			isa = XCBuildConfiguration;
			buildSettings = {
				ALWAYS_SEARCH_USER_PATHS = NO;
				ASSETCATALOG_COMPILER_GENERATE_SWIFT_ASSET_SYMBOL_EXTENSIONS = YES;
				CLANG_ANALYZER_NONNULL = YES;
				CLANG_ANALYZER_NUMBER_OBJECT_CONVERSION = YES_AGGRESSIVE;
				CLANG_CXX_LANGUAGE_STANDARD = "gnu++20";
				CLANG_ENABLE_MODULES = YES;
				CLANG_ENABLE_OBJC_ARC = YES;
				CLANG_ENABLE_OBJC_WEAK = YES;
				CLANG_WARN_BLOCK_CAPTURE_AUTORELEASING = YES;
				CLANG_WARN_BOOL_CONVERSION = YES;
				CLANG_WARN_COMMA = YES;
				CLANG_WARN_CONSTANT_CONVERSION = YES;
				CLANG_WARN_DEPRECATED_OBJC_IMPLEMENTATIONS = YES;
				CLANG_WARN_DIRECT_OBJC_ISA_USAGE = YES_ERROR;
				CLANG_WARN_DOCUMENTATION_COMMENTS = YES;
				CLANG_WARN_EMPTY_BODY = YES;
				CLANG_WARN_ENUM_CONVERSION = YES;
				CLANG_WARN_INFINITE_RECURSION = YES;
				CLANG_WARN_INT_CONVERSION = YES;
				CLANG_WARN_NON_LITERAL_NULL_CONVERSION = YES;
				CLANG_WARN_OBJC_IMPLICIT_RETAIN_SELF = YES;
				CLANG_WARN_OBJC_LITERAL_CONVERSION = YES;
				CLANG_WARN_OBJC_ROOT_CLASS = YES_ERROR;
				CLANG_WARN_QUOTED_INCLUDE_IN_FRAMEWORK_HEADER = YES;
				CLANG_WARN_RANGE_LOOP_ANALYSIS = YES;
				CLANG_WARN_STRICT_PROTOTYPES = YES;
				CLANG_WARN_SUSPICIOUS_MOVE = YES;
				CLANG_WARN_UNGUARDED_AVAILABILITY = YES_AGGRESSIVE;
				CLANG_WARN_UNREACHABLE_CODE = YES;
				CLANG_WARN__DUPLICATE_METHOD_MATCH = YES;
				COPY_PHASE_STRIP = NO;
				DEBUG_INFORMATION_FORMAT = "dwarf-with-dsym";
				ENABLE_NS_ASSERTIONS = NO;
				ENABLE_STRICT_OBJC_MSGSEND = YES;
				ENABLE_USER_SCRIPT_SANDBOXING = YES;
				GCC_C_LANGUAGE_STANDARD = gnu17;
				GCC_NO_COMMON_BLOCKS = YES;
				GCC_WARN_64_TO_32_BIT_CONVERSION = YES;
				GCC_WARN_ABOUT_RETURN_TYPE = YES_ERROR;
				GCC_WARN_UNDECLARED_SELECTOR = YES;
				GCC_WARN_UNINITIALIZED_AUTOS = YES_AGGRESSIVE;
				GCC_WARN_UNUSED_FUNCTION = YES;
				GCC_WARN_UNUSED_VARIABLE = YES;
				LOCALIZATION_PREFERS_STRING_CATALOGS = YES;
				MACOSX_DEPLOYMENT_TARGET = 26.0;
				MTL_ENABLE_DEBUG_INFO = NO;
				MTL_FAST_MATH = YES;
				SDKROOT = macosx;
				SWIFT_COMPILATION_MODE = wholemodule;
			};
			name = Release;
		};
		1DED71613037788A00E91C87 /* Debug */ = {
			isa = XCBuildConfiguration;
			buildSettings = {
				CODE_SIGN_STYLE = Automatic;
				CURRENT_PROJECT_VERSION = 1;
				ENABLE_APP_SANDBOX = YES;
				ENABLE_HARDENED_RUNTIME = YES;
				ENABLE_USER_SELECTED_FILES = readonly;
				GENERATE_INFOPLIST_FILE = YES;
				INFOPLIST_FILE = "GN Tracing Extension/Info.plist";
				INFOPLIST_KEY_CFBundleDisplayName = "GN Tracing Extension";
				INFOPLIST_KEY_NSHumanReadableCopyright = "";
				LD_RUNPATH_SEARCH_PATHS = (
					"$(inherited)",
					"@executable_path/../Frameworks",
					"@executable_path/../../../../Frameworks",
				);
				MACOSX_DEPLOYMENT_TARGET = 10.14;
				MARKETING_VERSION = 1.0;
				OTHER_LDFLAGS = (
					"-framework",
					SafariServices,
				);
				PRODUCT_BUNDLE_IDENTIFIER = dev.gnas.gntracing.Extension;
				PRODUCT_NAME = "$(TARGET_NAME)";
				SKIP_INSTALL = YES;
				STRING_CATALOG_GENERATE_SYMBOLS = YES;
				SWIFT_APPROACHABLE_CONCURRENCY = YES;
				SWIFT_EMIT_LOC_STRINGS = YES;
				SWIFT_UPCOMING_FEATURE_MEMBER_IMPORT_VISIBILITY = YES;
				SWIFT_VERSION = 5.0;
			};
			name = Debug;
		};
		1DED71623037788A00E91C87 /* Release */ = {
			isa = XCBuildConfiguration;
			buildSettings = {
				CODE_SIGN_STYLE = Automatic;
				CURRENT_PROJECT_VERSION = 1;
				ENABLE_APP_SANDBOX = YES;
				ENABLE_HARDENED_RUNTIME = YES;
				ENABLE_USER_SELECTED_FILES = readonly;
				GENERATE_INFOPLIST_FILE = YES;
				INFOPLIST_FILE = "GN Tracing Extension/Info.plist";
				INFOPLIST_KEY_CFBundleDisplayName = "GN Tracing Extension";
				INFOPLIST_KEY_NSHumanReadableCopyright = "";
				LD_RUNPATH_SEARCH_PATHS = (
					"$(inherited)",
					"@executable_path/../Frameworks",
					"@executable_path/../../../../Frameworks",
				);
				MACOSX_DEPLOYMENT_TARGET = 10.14;
				MARKETING_VERSION = 1.0;
				OTHER_LDFLAGS = (
					"-framework",
					SafariServices,
				);
				PRODUCT_BUNDLE_IDENTIFIER = dev.gnas.gntracing.Extension;
				PRODUCT_NAME = "$(TARGET_NAME)";
				SKIP_INSTALL = YES;
				STRING_CATALOG_GENERATE_SYMBOLS = YES;
				SWIFT_APPROACHABLE_CONCURRENCY = YES;
				SWIFT_EMIT_LOC_STRINGS = YES;
				SWIFT_UPCOMING_FEATURE_MEMBER_IMPORT_VISIBILITY = YES;
				SWIFT_VERSION = 5.0;
			};
			name = Release;
		};
		1DED71653037788A00E91C87 /* Debug */ = {
			isa = XCBuildConfiguration;
			buildSettings = {
				ASSETCATALOG_COMPILER_APPICON_NAME = AppIcon;
				ASSETCATALOG_COMPILER_GLOBAL_ACCENT_COLOR_NAME = AccentColor;
				CODE_SIGN_STYLE = Automatic;
				COMBINE_HIDPI_IMAGES = YES;
				CURRENT_PROJECT_VERSION = 1;
				ENABLE_APP_SANDBOX = YES;
				ENABLE_HARDENED_RUNTIME = YES;
				ENABLE_OUTGOING_NETWORK_CONNECTIONS = YES;
				ENABLE_USER_SELECTED_FILES = readonly;
				GENERATE_INFOPLIST_FILE = YES;
				INFOPLIST_FILE = "GN Tracing/Info.plist";
				INFOPLIST_KEY_CFBundleDisplayName = "GN Tracing";
				INFOPLIST_KEY_NSHumanReadableCopyright = "";
				INFOPLIST_KEY_NSMainStoryboardFile = Main;
				INFOPLIST_KEY_NSPrincipalClass = NSApplication;
				LD_RUNPATH_SEARCH_PATHS = (
					"$(inherited)",
					"@executable_path/../Frameworks",
				);
				MARKETING_VERSION = 1.0;
				OTHER_LDFLAGS = (
					"-framework",
					SafariServices,
					"-framework",
					WebKit,
				);
				PRODUCT_BUNDLE_IDENTIFIER = dev.gnas.gntracing;
				PRODUCT_NAME = "$(TARGET_NAME)";
				REGISTER_APP_GROUPS = YES;
				STRING_CATALOG_GENERATE_SYMBOLS = YES;
				SWIFT_APPROACHABLE_CONCURRENCY = YES;
				SWIFT_DEFAULT_ACTOR_ISOLATION = MainActor;
				SWIFT_EMIT_LOC_STRINGS = YES;
				SWIFT_UPCOMING_FEATURE_MEMBER_IMPORT_VISIBILITY = YES;
				SWIFT_VERSION = 5.0;
			};
			name = Debug;
		};
		1DED71663037788A00E91C87 /* Release */ = {
			isa = XCBuildConfiguration;
			buildSettings = {
				ASSETCATALOG_COMPILER_APPICON_NAME = AppIcon;
				ASSETCATALOG_COMPILER_GLOBAL_ACCENT_COLOR_NAME = AccentColor;
				CODE_SIGN_STYLE = Automatic;
				COMBINE_HIDPI_IMAGES = YES;
				CURRENT_PROJECT_VERSION = 1;
				ENABLE_APP_SANDBOX = YES;
				ENABLE_HARDENED_RUNTIME = YES;
				ENABLE_OUTGOING_NETWORK_CONNECTIONS = YES;
				ENABLE_USER_SELECTED_FILES = readonly;
				GENERATE_INFOPLIST_FILE = YES;
				INFOPLIST_FILE = "GN Tracing/Info.plist";
				INFOPLIST_KEY_CFBundleDisplayName = "GN Tracing";
				INFOPLIST_KEY_NSHumanReadableCopyright = "";
				INFOPLIST_KEY_NSMainStoryboardFile = Main;
				INFOPLIST_KEY_NSPrincipalClass = NSApplication;
				LD_RUNPATH_SEARCH_PATHS = (
					"$(inherited)",
					"@executable_path/../Frameworks",
				);
				MARKETING_VERSION = 1.0;
				OTHER_LDFLAGS = (
					"-framework",
					SafariServices,
					"-framework",
					WebKit,
				);
				PRODUCT_BUNDLE_IDENTIFIER = dev.gnas.gntracing;
				PRODUCT_NAME = "$(TARGET_NAME)";
				REGISTER_APP_GROUPS = YES;
				STRING_CATALOG_GENERATE_SYMBOLS = YES;
				SWIFT_APPROACHABLE_CONCURRENCY = YES;
				SWIFT_DEFAULT_ACTOR_ISOLATION = MainActor;
				SWIFT_EMIT_LOC_STRINGS = YES;
				SWIFT_UPCOMING_FEATURE_MEMBER_IMPORT_VISIBILITY = YES;
				SWIFT_VERSION = 5.0;
			};
			name = Release;
		};
/* End XCBuildConfiguration section */

/* Begin XCConfigurationList section */
		1DED71363037788800E91C87 /* Build configuration list for PBXProject "GN Tracing" */ = {
			isa = XCConfigurationList;
			buildConfigurations = (
				1DED715E3037788A00E91C87 /* Debug */,
				1DED715F3037788A00E91C87 /* Release */,
			);
			defaultConfigurationIsVisible = 0;
			defaultConfigurationName = Release;
		};
		1DED71603037788A00E91C87 /* Build configuration list for PBXNativeTarget "GN Tracing Extension" */ = {
			isa = XCConfigurationList;
			buildConfigurations = (
				1DED71613037788A00E91C87 /* Debug */,
				1DED71623037788A00E91C87 /* Release */,
			);
			defaultConfigurationIsVisible = 0;
			defaultConfigurationName = Release;
		};
		1DED71643037788A00E91C87 /* Build configuration list for PBXNativeTarget "GN Tracing" */ = {
			isa = XCConfigurationList;
			buildConfigurations = (
				1DED71653037788A00E91C87 /* Debug */,
				1DED71663037788A00E91C87 /* Release */,
			);
			defaultConfigurationIsVisible = 0;
			defaultConfigurationName = Release;
		};
/* End XCConfigurationList section */
	};
	rootObject = 1DED71333037788800E91C87 /* Project object */;
}
